
Microsoft Visual Studio Solution File, Format Version 12.00
# Visual Studio Version 17
VisualStudioVersion = 17.4.33205.214
MinimumVisualStudioVersion = 10.0.40219.1
Project("{FAE04EC0-301F-11D3-BF4B-00C04F79EFBC}") = "EternalQuestProgram", "EternalQuestProgram.csproj", "{EE10EC72-ADE8-4E34-B9F1-98914183ADCB}"
EndProject
Global
	GlobalSection(SolutionConfigurationPlatforms) = preSolution
		Debug|Any CPU = Debug|Any CPU
		Release|Any CPU = Release|Any CPU
	EndGlobalSection
	GlobalSection(ProjectConfigurationPlatforms) = postSolution
		{EE10EC72-ADE8-4E34-B9F1-98914183ADCB}.Debug|Any CPU.ActiveCfg = Debug|Any CPU
		{EE10EC72-ADE8-4E34-B9F1-98914183ADCB}.Debug|Any CPU.Build.0 = Debug|Any CPU
		{EE10EC72-ADE8-4E34-B9F1-98914183ADCB}.Release|Any CPU.ActiveCfg = Release|Any CPU
		{EE10EC72-ADE8-4E34-B9F1-98914183ADCB}.Release|Any CPU.Build.0 = Release|Any CPU
	EndGlobalSection
	GlobalSection(SolutionProperties) = preSolution
		HideSolutionNode = FALSE
	EndGlobalSection
	GlobalSection(ExtensibilityGlobals) = postSolution
		SolutionGuid = {EF64B58B-8369-44DA-AAB3-0C4DD8B56824}
	EndGlobalSection
EndGlobal
